206999441 com.microfocus.example:iwa:jar:1.0-SNAPSHOT
1355676410 org.springframework.boot:spring-boot-starter-web:jar:2.1.8.RELEASE:compile
781527109 org.springframework.boot:spring-boot-starter-json:jar:2.1.8.RELEASE:compile
1472904643 org.hibernate.validator:hibernate-validator:jar:6.0.17.Final:compile
123458189 javax.validation:validation-api:jar:2.0.1.Final:compile
312233241 org.jboss.logging:jboss-logging:jar:3.3.3.Final:compile
293669143 com.fasterxml:classmate:jar:1.4.0:compile
321358401 org.springframework:spring-web:jar:5.1.9.RELEASE:compile
1244785938 org.springframework:spring-beans:jar:5.1.9.RELEASE:compile
984978888 org.springframework:spring-webmvc:jar:5.1.9.RELEASE:compile
593881656 org.springframework:spring-context:jar:5.1.9.RELEASE:compile
213850519 org.springframework:spring-expression:jar:5.1.9.RELEASE:compile
1227041903 org.springframework.boot:spring-boot-starter:jar:2.1.8.RELEASE:compile
1605299030 org.springframework.boot:spring-boot:jar:2.1.8.RELEASE:compile
1402400433 org.springframework.boot:spring-boot-autoconfigure:jar:2.1.8.RELEASE:compile
663824117 javax.annotation:javax.annotation-api:jar:1.3.2:compile
2004952636 org.springframework:spring-core:jar:5.1.9.RELEASE:compile
1608357825 org.springframework:spring-jcl:jar:5.1.9.RELEASE:compile
995760621 org.yaml:snakeyaml:jar:1.23:compile
366098173 org.springframework.boot:spring-boot-starter-thymeleaf:jar:2.1.8.RELEASE:compile
1805402813 org.thymeleaf:thymeleaf-spring5:jar:3.0.11.RELEASE:compile
1481417616 org.thymeleaf.extras:thymeleaf-extras-java8time:jar:3.0.4.RELEASE:compile
858934277 org.springframework.boot:spring-boot-starter-security:jar:2.1.8.RELEASE:compile
936632640 org.springframework:spring-aop:jar:5.1.9.RELEASE:compile
1045677229 org.springframework.security:spring-security-config:jar:5.1.6.RELEASE:compile
54440148 org.springframework.security:spring-security-web:jar:5.1.6.RELEASE:compile
575506130 org.thymeleaf.extras:thymeleaf-extras-springsecurity5:jar:3.0.4.RELEASE:compile
171751994 org.slf4j:slf4j-api:jar:1.7.28:compile
720007548 org.springframework.boot:spring-boot-starter-data-jpa:jar:2.1.8.RELEASE:compile
1554308325 org.springframework.boot:spring-boot-starter-aop:jar:2.1.8.RELEASE:compile
311536309 org.aspectj:aspectjweaver:jar:1.9.4:compile
2098413495 org.springframework.boot:spring-boot-starter-jdbc:jar:2.1.8.RELEASE:compile
67883256 com.zaxxer:HikariCP:jar:3.2.0:compile
2125625192 org.springframework:spring-jdbc:jar:5.1.9.RELEASE:compile
1634319881 javax.transaction:javax.transaction-api:jar:1.3:compile
98818836 javax.xml.bind:jaxb-api:jar:2.3.1:compile
1605715776 javax.activation:javax.activation-api:jar:1.2.0:compile
844194537 org.hibernate:hibernate-core:jar:5.3.11.Final:compile
518261596 javax.persistence:javax.persistence-api:jar:2.2:compile
96749807 org.javassist:javassist:jar:3.23.2-GA:compile
1883144272 net.bytebuddy:byte-buddy:jar:1.9.16:compile
1237443220 antlr:antlr:jar:2.7.7:compile
2000793115 org.jboss:jandex:jar:2.0.5.Final:compile
1357185836 org.dom4j:dom4j:jar:2.1.1:compile
1415390560 org.hibernate.common:hibernate-commons-annotations:jar:5.0.4.Final:compile
307148861 org.springframework.data:spring-data-jpa:jar:2.1.10.RELEASE:compile
1753607449 org.springframework.data:spring-data-commons:jar:2.1.10.RELEASE:compile
276922182 org.springframework:spring-orm:jar:5.1.9.RELEASE:compile
759840275 org.springframework:spring-tx:jar:5.1.9.RELEASE:compile
1243800791 org.springframework:spring-aspects:jar:5.1.9.RELEASE:compile
227030447 nz.net.ultraq.thymeleaf:thymeleaf-layout-dialect:jar:2.3.0:compile
375918615 nz.net.ultraq.thymeleaf:thymeleaf-expression-processor:jar:1.1.3:compile
1789791855 org.thymeleaf:thymeleaf:jar:3.0.11.RELEASE:compile
930569137 ognl:ognl:jar:3.1.12:compile
2073961917 org.attoparser:attoparser:jar:2.0.5.RELEASE:compile
757099121 org.unbescape:unbescape:jar:1.1.6.RELEASE:compile
937936076 org.springframework.boot:spring-boot-starter-tomcat:jar:2.1.8.RELEASE:compile
977320786 org.apache.tomcat.embed:tomcat-embed-core:jar:9.0.24:compile
813285994 org.apache.tomcat.embed:tomcat-embed-el:jar:9.0.24:compile
505693686 org.apache.tomcat.embed:tomcat-embed-websocket:jar:9.0.24:compile
401355610 org.springframework.boot:spring-boot-starter-actuator:jar:2.1.8.RELEASE:compile
675909854 org.springframework.boot:spring-boot-actuator-autoconfigure:jar:2.1.8.RELEASE:compile
1448967471 org.springframework.boot:spring-boot-actuator:jar:2.1.8.RELEASE:compile
1793759719 io.micrometer:micrometer-core:jar:1.1.6:compile
476709123 org.hdrhistogram:HdrHistogram:jar:2.1.9:compile
2017574192 org.latencyutils:LatencyUtils:jar:2.0.3:compile
1170735890 org.springframework.boot:spring-boot-starter-log4j2:jar:2.1.8.RELEASE:compile
2077462509 org.apache.logging.log4j:log4j-slf4j-impl:jar:2.11.2:compile
931003277 org.apache.logging.log4j:log4j-api:jar:2.11.2:compile
1117812847 org.apache.logging.log4j:log4j-core:jar:2.11.2:compile
1198859194 org.apache.logging.log4j:log4j-jul:jar:2.11.2:compile
540962910 org.slf4j:jul-to-slf4j:jar:1.7.28:compile
2026325575 com.h2database:h2:jar:1.4.197:compile
962931248 org.passay:passay:jar:1.5.0:compile
1466148437 org.webjars:bootstrap:jar:4.5.3:compile
67928167 org.webjars:popper.js:jar:1.16.0:compile
1186663391 org.webjars:jquery:jar:3.5.1:compile
1444912530 org.webjars:font-awesome:jar:5.15.2:compile
478468106 org.webjars:chartjs:jar:2.9.4:compile
2095803461 org.webjars.npm:axios:jar:0.21.1:compile
1653634548 org.webjars.npm:follow-redirects:jar:1.15.9:compile (version selected from constraint [1.10.0,2))
1212782393 org.springdoc:springdoc-openapi-ui:jar:1.4.3:compile
1916224178 org.springdoc:springdoc-openapi-webmvc-core:jar:1.4.3:compile
1436127733 org.webjars:swagger-ui:jar:3.28.0:compile
885481831 org.webjars:webjars-locator-core:jar:0.35:compile
817092761 org.apache.commons:commons-compress:jar:1.9:compile
2027499247 org.springdoc:springdoc-openapi-security:jar:1.4.3:compile
1641418296 org.springdoc:springdoc-openapi-common:jar:1.4.3:compile
1855297340 io.swagger.core.v3:swagger-models:jar:2.1.3:compile
1078783335 io.swagger.core.v3:swagger-annotations:jar:2.1.3:compile
1901272535 io.swagger.core.v3:swagger-integration:jar:2.1.3:compile
539322891 io.swagger.core.v3:swagger-core:jar:2.1.3:compile
1649096004 jakarta.xml.bind:jakarta.xml.bind-api:jar:2.3.2:compile
1162595263 com.fasterxml.jackson.dataformat:jackson-dataformat-yaml:jar:2.13.0:compile
748673892 jakarta.validation:jakarta.validation-api:jar:2.0.2:compile
669096398 io.github.classgraph:classgraph:jar:4.8.69:compile
473655651 org.springframework.security:spring-security-core:jar:5.1.6.RELEASE:compile
120999784 com.fasterxml.jackson.core:jackson-annotations:jar:2.13.0:compile
1436610577 com.fasterxml.jackson.module:jackson-module-parameter-names:jar:2.13.0:compile
2124688514 com.fasterxml.jackson.core:jackson-core:jar:2.13.0:compile
957559364 com.fasterxml.jackson.core:jackson-databind:jar:2.13.0:compile
216758017 com.fasterxml.jackson.datatype:jackson-datatype-jdk8:jar:2.13.0:compile
1578712821 com.fasterxml.jackson.datatype:jackson-datatype-jsr310:jar:2.13.0:compile
17222024 com.vonage:client:jar:6.1.0:compile
556223230 commons-codec:commons-codec:jar:1.11:compile
1990419108 commons-logging:commons-logging:jar:1.2:runtime
1641677843 org.apache.httpcomponents:httpclient:jar:4.5.9:compile
1445448489 commons-io:commons-io:jar:2.5:compile
1296833449 org.apache.commons:commons-lang3:jar:3.8.1:compile
538441446 io.openapitools.jackson.dataformat:jackson-dataformat-hal:jar:1.0.4:runtime
291279979 com.fasterxml.jackson.jaxrs:jackson-jaxrs-json-provider:jar:2.13.0:runtime
2043313130 com.fasterxml.jackson.jaxrs:jackson-jaxrs-base:jar:2.13.0:runtime
1425454633 com.fasterxml.jackson.module:jackson-module-jaxb-annotations:jar:2.13.0:runtime
1271515799 jakarta.activation:jakarta.activation-api:jar:1.2.1:compile
1044639817 com.nexmo:jwt:jar:1.0.1:runtime
343722304 org.jetbrains.kotlin:kotlin-stdlib-jdk8:jar:1.2.71:runtime
1968861720 org.jetbrains.kotlin:kotlin-stdlib:jar:1.2.71:runtime
1891799894 org.jetbrains.kotlin:kotlin-stdlib-common:jar:1.2.71:runtime
1361241279 org.jetbrains:annotations:jar:13.0:runtime
602280210 org.jetbrains.kotlin:kotlin-stdlib-jdk7:jar:1.2.71:runtime
92962244 io.jsonwebtoken:jjwt-api:jar:0.10.5:runtime
1639319040 io.jsonwebtoken:jjwt-impl:jar:0.10.5:runtime
670503317 io.jsonwebtoken:jjwt-jackson:jar:0.10.5:runtime
873134840 org.codehaus.groovy:groovy:jar:3.0.8:compile
1647891936 org.springframework.boot:spring-boot-starter-test:jar:2.1.8.RELEASE:test
862931361 org.springframework.boot:spring-boot-test:jar:2.1.8.RELEASE:test
747343328 org.springframework.boot:spring-boot-test-autoconfigure:jar:2.1.8.RELEASE:test
1337294771 com.jayway.jsonpath:json-path:jar:2.4.0:test
1795568752 net.minidev:json-smart:jar:2.3:test
577592048 net.minidev:accessors-smart:jar:1.2:test
1383675856 org.ow2.asm:asm:jar:5.0.4:test
919962315 org.assertj:assertj-core:jar:3.11.1:test
1814730197 org.mockito:mockito-core:jar:2.23.4:test
618199162 net.bytebuddy:byte-buddy-agent:jar:1.9.16:test
1057262726 org.objenesis:objenesis:jar:2.6:test
626889335 org.hamcrest:hamcrest-core:jar:1.3:test
501301044 org.hamcrest:hamcrest-library:jar:1.3:test
2115575770 org.skyscreamer:jsonassert:jar:1.5.0:test
1700973603 org.springframework:spring-test:jar:5.1.9.RELEASE:test
753214674 org.xmlunit:xmlunit-core:jar:2.6.3:test
946448101 io.jsonwebtoken:jjwt:jar:0.9.1:compile
238590461 junit:junit:jar:4.12:test
2101891021 org.apache.maven.wagon:wagon-http:jar:3.4.1:compile
2022586114 org.apache.maven.wagon:wagon-http-shared:jar:3.4.1:compile
220588152 org.jsoup:jsoup:jar:1.12.1:compile
1192787792 org.apache.httpcomponents:httpcore:jar:4.4.12:compile
2014406233 org.slf4j:jcl-over-slf4j:jar:1.7.28:runtime
1898870910 org.codehaus.plexus:plexus-utils:jar:3.3.0:compile
1407858699 org.apache.maven.wagon:wagon-provider-api:jar:3.4.1:compile
1468809177 com.github.cliftonlabs:json-simple:jar:2.3.1:compile
610056415 org.seleniumhq.selenium:selenium-java:jar:4.0.0-rc-2:compile
649316770 org.seleniumhq.selenium:selenium-api:jar:4.0.0-rc-2:compile
605787935 org.seleniumhq.selenium:selenium-chrome-driver:jar:4.0.0-rc-2:compile
308221618 com.google.auto.service:auto-service-annotations:jar:1.0:compile
1401212518 com.google.auto.service:auto-service:jar:1.0:compile
1799545709 com.google.auto:auto-common:jar:1.0:compile
320414325 com.google.guava:guava:jar:30.1.1-jre:compile
2031705122 com.google.guava:failureaccess:jar:1.0.1:compile
211507865 com.google.guava:listenablefuture:jar:9999.0-empty-to-avoid-conflict-with-guava:compile
1891535340 com.google.code.findbugs:jsr305:jar:3.0.2:compile
720242436 org.checkerframework:checker-qual:jar:3.8.0:compile
430290487 com.google.errorprone:error_prone_annotations:jar:2.5.1:compile
1329362952 com.google.j2objc:j2objc-annotations:jar:1.3:compile
1263102442 org.seleniumhq.selenium:selenium-chromium-driver:jar:4.0.0-rc-2:compile
298156448 org.seleniumhq.selenium:selenium-json:jar:4.0.0-rc-2:compile
627411361 org.seleniumhq.selenium:selenium-devtools-v85:jar:4.0.0-rc-2:compile
154487101 org.seleniumhq.selenium:selenium-devtools-v93:jar:4.0.0-rc-2:compile
162752456 org.seleniumhq.selenium:selenium-devtools-v94:jar:4.0.0-rc-2:compile
885403615 org.seleniumhq.selenium:selenium-edge-driver:jar:4.0.0-rc-2:compile
1038585959 org.seleniumhq.selenium:selenium-firefox-driver:jar:4.0.0-rc-2:compile
515398215 org.seleniumhq.selenium:selenium-firefox-xpi-driver:jar:4.0.0-rc-2:compile
212329343 org.seleniumhq.selenium:selenium-ie-driver:jar:4.0.0-rc-2:compile
161123811 org.seleniumhq.selenium:selenium-opera-driver:jar:4.0.0-rc-2:compile
142561311 org.seleniumhq.selenium:selenium-remote-driver:jar:4.0.0-rc-2:compile
1414093109 com.beust:jcommander:jar:1.81:compile
1741092056 io.netty:netty-buffer:jar:4.1.39.Final:compile
980326486 io.netty:netty-codec-http:jar:4.1.39.Final:compile
1214498988 io.netty:netty-codec:jar:4.1.39.Final:compile
1459462244 io.netty:netty-handler:jar:4.1.39.Final:compile
114159191 io.netty:netty-common:jar:4.1.39.Final:compile
1211071216 io.netty:netty-transport-native-epoll:jar:4.1.39.Final:compile
517991921 io.netty:netty-transport-native-kqueue:jar:4.1.39.Final:compile
622497998 io.netty:netty-transport-native-unix-common:jar:4.1.39.Final:compile
1280081260 io.netty:netty-transport:jar:4.1.39.Final:compile
2131191535 io.netty:netty-resolver:jar:4.1.39.Final:compile
509000859 io.opentelemetry:opentelemetry-api:jar:1.5.0:compile
1866191743 io.opentelemetry:opentelemetry-context:jar:1.5.0:compile
1077109993 io.opentelemetry:opentelemetry-exporter-logging:jar:1.5.0:compile
71782942 io.opentelemetry:opentelemetry-sdk-metrics:jar:1.5.0-alpha:compile
803116137 io.opentelemetry:opentelemetry-sdk-common:jar:1.5.0:compile
516885190 io.opentelemetry:opentelemetry-sdk-extension-autoconfigure:jar:1.5.0-alpha:compile
1166029274 io.opentelemetry:opentelemetry-sdk-trace:jar:1.5.0:compile
2078887126 io.opentelemetry:opentelemetry-api-metrics:jar:1.5.0-alpha:compile
550498846 io.opentelemetry:opentelemetry-sdk:jar:1.5.0:compile
1177568763 io.opentelemetry:opentelemetry-semconv:jar:1.5.0-alpha:compile
41595398 io.ous:jtoml:jar:2.0.0:compile
860148067 org.apache.commons:commons-exec:jar:1.3:compile
1824819735 org.asynchttpclient:async-http-client:jar:2.12.3:compile
681514473 org.asynchttpclient:async-http-client-netty-utils:jar:2.12.3:compile
2132961406 io.netty:netty-codec-socks:jar:4.1.39.Final:compile
1794666800 io.netty:netty-handler-proxy:jar:4.1.39.Final:compile
581225034 io.netty:netty-transport-native-epoll:jar:linux-x86_64:4.1.39.Final:compile
1925489578 io.netty:netty-transport-native-kqueue:jar:osx-x86_64:4.1.39.Final:compile
508122132 org.reactivestreams:reactive-streams:jar:1.0.3:compile
923911964 com.typesafe.netty:netty-reactive-streams:jar:2.0.4:compile
870563118 com.sun.activation:jakarta.activation:jar:1.2.2:compile
1684898059 org.seleniumhq.selenium:selenium-http:jar:4.0.0-rc-2:compile
810582118 org.seleniumhq.selenium:selenium-safari-driver:jar:4.0.0-rc-2:compile
155224151 org.seleniumhq.selenium:selenium-support:jar:4.0.0-rc-2:compile
669273756 org.apache.tika:tika-core:jar:1.18:compile
789178034 org.json:json:jar:20220320:compile
468582533 org.springframework.boot:spring-boot-devtools:jar:2.1.8.RELEASE:compile (optional) 
#
1355676410 781527109 compile
1472904643 123458189 compile
1472904643 312233241 compile
1472904643 293669143 compile
1355676410 1472904643 compile
321358401 1244785938 compile
1355676410 321358401 compile
984978888 593881656 compile
984978888 213850519 compile
1355676410 984978888 compile
206999441 1355676410 compile
1227041903 1605299030 compile
1227041903 1402400433 compile
1227041903 663824117 compile
2004952636 1608357825 compile
1227041903 2004952636 compile
1227041903 995760621 compile
206999441 1227041903 compile
366098173 1805402813 compile
366098173 1481417616 compile
206999441 366098173 compile
858934277 936632640 compile
858934277 1045677229 compile
858934277 54440148 compile
206999441 858934277 compile
575506130 171751994 compile
206999441 575506130 compile
1554308325 311536309 compile
720007548 1554308325 compile
2098413495 67883256 compile
2098413495 2125625192 compile
720007548 2098413495 compile
720007548 1634319881 compile
98818836 1605715776 compile
720007548 98818836 compile
844194537 518261596 compile
844194537 96749807 compile
844194537 1883144272 compile
844194537 1237443220 compile
844194537 2000793115 compile
844194537 1357185836 compile
844194537 1415390560 compile
720007548 844194537 compile
307148861 1753607449 compile
307148861 276922182 compile
307148861 759840275 compile
720007548 307148861 compile
720007548 1243800791 compile
206999441 720007548 compile
227030447 375918615 compile
1789791855 930569137 compile
1789791855 2073961917 compile
1789791855 757099121 compile
227030447 1789791855 compile
206999441 227030447 compile
937936076 977320786 compile
937936076 813285994 compile
937936076 505693686 compile
206999441 937936076 compile
675909854 1448967471 compile
401355610 675909854 compile
1793759719 476709123 compile
1793759719 2017574192 compile
401355610 1793759719 compile
206999441 401355610 compile
2077462509 931003277 compile
1170735890 2077462509 compile
1170735890 1117812847 compile
1170735890 1198859194 compile
1170735890 540962910 compile
206999441 1170735890 compile
206999441 2026325575 compile
206999441 962931248 compile
1466148437 67928167 compile
206999441 1466148437 compile
206999441 1186663391 compile
206999441 1444912530 compile
206999441 478468106 compile
2095803461 1653634548 compile
206999441 2095803461 compile
1212782393 1916224178 compile
1212782393 1436127733 compile
885481831 817092761 compile
1212782393 885481831 compile
206999441 1212782393 compile
1641418296 1855297340 compile
1641418296 1078783335 compile
539322891 1649096004 compile
539322891 1162595263 compile
539322891 748673892 compile
1901272535 539322891 compile
1641418296 1901272535 compile
1641418296 669096398 compile
2027499247 1641418296 compile
2027499247 473655651 compile
206999441 2027499247 compile
206999441 120999784 compile
1436610577 2124688514 compile
1436610577 957559364 compile
206999441 1436610577 compile
206999441 216758017 compile
206999441 1578712821 compile
17222024 556223230 compile
17222024 1990419108 runtime
17222024 1641677843 compile
17222024 1445448489 compile
17222024 1296833449 compile
291279979 2043313130 runtime
1425454633 1271515799 compile
291279979 1425454633 runtime
538441446 291279979 runtime
17222024 538441446 runtime
1968861720 1891799894 runtime
1968861720 1361241279 runtime
343722304 1968861720 runtime
343722304 602280210 runtime
1044639817 343722304 runtime
1044639817 92962244 runtime
1044639817 1639319040 runtime
1044639817 670503317 runtime
17222024 1044639817 runtime
206999441 17222024 compile
206999441 873134840 compile
1647891936 862931361 test
1647891936 747343328 test
577592048 1383675856 test
1795568752 577592048 test
1337294771 1795568752 test
1647891936 1337294771 test
1647891936 919962315 test
1814730197 618199162 test
1814730197 1057262726 test
1647891936 1814730197 test
1647891936 626889335 test
1647891936 501301044 test
1647891936 2115575770 test
1647891936 1700973603 test
1647891936 753214674 test
206999441 1647891936 test
206999441 946448101 compile
206999441 238590461 test
2022586114 220588152 compile
2101891021 2022586114 compile
2101891021 1192787792 compile
2101891021 2014406233 runtime
2101891021 1898870910 compile
2101891021 1407858699 compile
206999441 2101891021 compile
206999441 1468809177 compile
610056415 649316770 compile
605787935 308221618 compile
1401212518 1799545709 compile
605787935 1401212518 compile
320414325 2031705122 compile
320414325 211507865 compile
320414325 1891535340 compile
320414325 720242436 compile
320414325 430290487 compile
320414325 1329362952 compile
605787935 320414325 compile
605787935 1263102442 compile
605787935 298156448 compile
610056415 605787935 compile
610056415 627411361 compile
610056415 154487101 compile
610056415 162752456 compile
610056415 885403615 compile
610056415 1038585959 compile
610056415 515398215 compile
610056415 212329343 compile
610056415 161123811 compile
142561311 1414093109 compile
142561311 1741092056 compile
980326486 1214498988 compile
980326486 1459462244 compile
142561311 980326486 compile
142561311 114159191 compile
142561311 1211071216 compile
142561311 517991921 compile
142561311 622497998 compile
1280081260 2131191535 compile
142561311 1280081260 compile
142561311 509000859 compile
142561311 1866191743 compile
1077109993 71782942 compile
142561311 1077109993 compile
142561311 803116137 compile
142561311 516885190 compile
1166029274 2078887126 compile
142561311 1166029274 compile
142561311 550498846 compile
142561311 1177568763 compile
142561311 41595398 compile
142561311 860148067 compile
1824819735 681514473 compile
1824819735 2132961406 compile
1824819735 1794666800 compile
1824819735 581225034 compile
1824819735 1925489578 compile
1824819735 508122132 compile
1824819735 923911964 compile
1824819735 870563118 compile
142561311 1824819735 compile
142561311 1684898059 compile
610056415 142561311 compile
610056415 810582118 compile
610056415 155224151 compile
206999441 610056415 compile
206999441 669273756 compile
206999441 789178034 compile
206999441 468582533 compile
